
Microsoft Visual Studio Solution File, Format Version 12.00
# Visual Studio Version 16
VisualStudioVersion = 16.0.31205.134
MinimumVisualStudioVersion = 10.0.40219.1
Project("{FAE04EC0-301F-11D3-BF4B-00C04F79EFBC}") = "clock project", "clock project\clock project.csproj", "{A520A903-FBFE-4A3E-A887-E3958C95723B}"
EndProject
Global
	GlobalSection(SolutionConfigurationPlatforms) = preSolution
		Debug|Any CPU = Debug|Any CPU
		Release|Any CPU = Release|Any CPU
	EndGlobalSection
	GlobalSection(ProjectConfigurationPlatforms) = postSolution
		{A520A903-FBFE-4A3E-A887-E3958C95723B}.Debug|Any CPU.ActiveCfg = Debug|Any CPU
		{A520A903-FBFE-4A3E-A887-E3958C95723B}.Debug|Any CPU.Build.0 = Debug|Any CPU
		{A520A903-FBFE-4A3E-A887-E3958C95723B}.Release|Any CPU.ActiveCfg = Release|Any CPU
		{A520A903-FBFE-4A3E-A887-E3958C95723B}.Release|Any CPU.Build.0 = Release|Any CPU
	EndGlobalSection
	GlobalSection(SolutionProperties) = preSolution
		HideSolutionNode = FALSE
	EndGlobalSection
	GlobalSection(ExtensibilityGlobals) = postSolution
		SolutionGuid = {F0E326AE-40FF-4A3C-BE45-E20FA3E0AAED}
	EndGlobalSection
EndGlobal
